// !$*UTF8*$!
{
	archiveVersion = 1;
	classes = {
	};
	objectVersion = 46;
	objects = {

/* Begin PBXBuildFile section */
		D078C81D1DA023890017F381 /* placeholder.png in Resources */ = {isa = PBXBuildFile; fileRef = D078C81C1DA023890017F381 /* placeholder.png */; };
		D078C81F1DA0259F0017F381 /* nothingFound.jpeg in Resources */ = {isa = PBXBuildFile; fileRef = D078C81E1DA0259F0017F381 /* nothingFound.jpeg */; };
		D0AFA5141D9DA17C0009614E /* AppDelegate.swift in Sources */ = {isa = PBXBuildFile; fileRef = D0AFA5131D9DA17C0009614E /* AppDelegate.swift */; };
		D0AFA5191D9DA17C0009614E /* Main.storyboard in Resources */ = {isa = PBXBuildFile; fileRef = D0AFA5171D9DA17C0009614E /* Main.storyboard */; };
		D0AFA51B1D9DA17C0009614E /* Assets.xcassets in Resources */ = {isa = PBXBuildFile; fileRef = D0AFA51A1D9DA17C0009614E /* Assets.xcassets */; };
		D0AFA51E1D9DA17D0009614E /* LaunchScreen.storyboard in Resources */ = {isa = PBXBuildFile; fileRef = D0AFA51C1D9DA17D0009614E /* LaunchScreen.storyboard */; };
		D0AFA5271D9DA1D10009614E /* SearchMusicViewController.swift in Sources */ = {isa = PBXBuildFile; fileRef = D0AFA5251D9DA1D10009614E /* SearchMusicViewController.swift */; };
		D0AFA5281D9DA1D10009614E /* PlayerPopUpViewController.swift in Sources */ = {isa = PBXBuildFile; fileRef = D0AFA5261D9DA1D10009614E /* PlayerPopUpViewController.swift */; };
		D0AFA5301D9DA3160009614E /* playPAUSE.png in Resources */ = {isa = PBXBuildFile; fileRef = D0AFA52A1D9DA3160009614E /* playPAUSE.png */; };
		D0AFA5321D9DA3160009614E /* CloseButton.png in Resources */ = {isa = PBXBuildFile; fileRef = D0AFA52C1D9DA3160009614E /* CloseButton.png */; };
		D0AFA5331D9DA3160009614E /* CloseButton@2x.png in Resources */ = {isa = PBXBuildFile; fileRef = D0AFA52D1D9DA3160009614E /* CloseButton@2x.png */; };
		D0AFA5341D9DA3160009614E /* CloseButton@3x.png in Resources */ = {isa = PBXBuildFile; fileRef = D0AFA52E1D9DA3160009614E /* CloseButton@3x.png */; };
		D0AFA5381D9DA3910009614E /* NothingFoundCell.xib in Resources */ = {isa = PBXBuildFile; fileRef = D0AFA5361D9DA3910009614E /* NothingFoundCell.xib */; };
		D0AFA5391D9DA3910009614E /* LoadingCell.xib in Resources */ = {isa = PBXBuildFile; fileRef = D0AFA5371D9DA3910009614E /* LoadingCell.xib */; };
		D0AFA53B1D9DA55B0009614E /* SearchResult.swift in Sources */ = {isa = PBXBuildFile; fileRef = D0AFA53A1D9DA55B0009614E /* SearchResult.swift */; };
		D0AFA53D1D9DA5A30009614E /* TrackCell.swift in Sources */ = {isa = PBXBuildFile; fileRef = D0AFA53C1D9DA5A30009614E /* TrackCell.swift */; };
		D0AFA53F1D9DA5BF0009614E /* DownloadImageExtension.swift in Sources */ = {isa = PBXBuildFile; fileRef = D0AFA53E1D9DA5BF0009614E /* DownloadImageExtension.swift */; };
/* End PBXBuildFile section */

/* Begin PBXFileReference section */
		D078C81C1DA023890017F381 /* placeholder.png */ = {isa = PBXFileReference; lastKnownFileType = image.png; path = placeholder.png; sourceTree = "<group>"; };
		D078C81E1DA0259F0017F381 /* nothingFound.jpeg */ = {isa = PBXFileReference; lastKnownFileType = image.jpeg; path = nothingFound.jpeg; sourceTree = "<group>"; };
		D0AFA5101D9DA17C0009614E /* MPLite.app */ = {isa = PBXFileReference; explicitFileType = wrapper.application; includeInIndex = 0; path = MPLite.app; sourceTree = BUILT_PRODUCTS_DIR; };
		D0AFA5131D9DA17C0009614E /* AppDelegate.swift */ = {isa = PBXFileReference; lastKnownFileType = sourcecode.swift; path = AppDelegate.swift; sourceTree = "<group>"; };
		D0AFA5181D9DA17C0009614E /* Base */ = {isa = PBXFileReference; lastKnownFileType = file.storyboard; name = Base; path = Base.lproj/Main.storyboard; sourceTree = "<group>"; };
		D0AFA51A1D9DA17C0009614E /* Assets.xcassets */ = {isa = PBXFileReference; lastKnownFileType = folder.assetcatalog; path = Assets.xcassets; sourceTree = "<group>"; };
		D0AFA51D1D9DA17D0009614E /* Base */ = {isa = PBXFileReference; lastKnownFileType = file.storyboard; name = Base; path = Base.lproj/LaunchScreen.storyboard; sourceTree = "<group>"; };
		D0AFA51F1D9DA17D0009614E /* Info.plist */ = {isa = PBXFileReference; lastKnownFileType = text.plist.xml; path = Info.plist; sourceTree = "<group>"; };
		D0AFA5251D9DA1D10009614E /* SearchMusicViewController.swift */ = {isa = PBXFileReference; fileEncoding = 4; lastKnownFileType = sourcecode.swift; path = SearchMusicViewController.swift; sourceTree = "<group>"; };
		D0AFA5261D9DA1D10009614E /* PlayerPopUpViewController.swift */ = {isa = PBXFileReference; fileEncoding = 4; lastKnownFileType = sourcecode.swift; path = PlayerPopUpViewController.swift; sourceTree = "<group>"; };
		D0AFA52A1D9DA3160009614E /* playPAUSE.png */ = {isa = PBXFileReference; lastKnownFileType = image.png; path = playPAUSE.png; sourceTree = "<group>"; };
		D0AFA52C1D9DA3160009614E /* CloseButton.png */ = {isa = PBXFileReference; lastKnownFileType = image.png; path = CloseButton.png; sourceTree = "<group>"; };
		D0AFA52D1D9DA3160009614E /* CloseButton@2x.png */ = {isa = PBXFileReference; lastKnownFileType = image.png; path = "CloseButton@2x.png"; sourceTree = "<group>"; };
		D0AFA52E1D9DA3160009614E /* CloseButton@3x.png */ = {isa = PBXFileReference; lastKnownFileType = image.png; path = "CloseButton@3x.png"; sourceTree = "<group>"; };
		D0AFA5361D9DA3910009614E /* NothingFoundCell.xib */ = {isa = PBXFileReference; fileEncoding = 4; lastKnownFileType = file.xib; path = NothingFoundCell.xib; sourceTree = "<group>"; };
		D0AFA5371D9DA3910009614E /* LoadingCell.xib */ = {isa = PBXFileReference; fileEncoding = 4; lastKnownFileType = file.xib; path = LoadingCell.xib; sourceTree = "<group>"; };
		D0AFA53A1D9DA55B0009614E /* SearchResult.swift */ = {isa = PBXFileReference; fileEncoding = 4; lastKnownFileType = sourcecode.swift; path = SearchResult.swift; sourceTree = "<group>"; };
		D0AFA53C1D9DA5A30009614E /* TrackCell.swift */ = {isa = PBXFileReference; fileEncoding = 4; lastKnownFileType = sourcecode.swift; path = TrackCell.swift; sourceTree = "<group>"; };
		D0AFA53E1D9DA5BF0009614E /* DownloadImageExtension.swift */ = {isa = PBXFileReference; fileEncoding = 4; lastKnownFileType = sourcecode.swift; path = DownloadImageExtension.swift; sourceTree = "<group>"; };
/* End PBXFileReference section */

/* Begin PBXFrameworksBuildPhase section */
		D0AFA50D1D9DA17C0009614E /* Frameworks */ = {
			isa = PBXFrameworksBuildPhase;
			buildActionMask = 2147483647;
			files = (
			);
			runOnlyForDeploymentPostprocessing = 0;
		};
/* End PBXFrameworksBuildPhase section */

/* Begin PBXGroup section */
		D0AFA5071D9DA17B0009614E = {
			isa = PBXGroup;
			children = (
				D0AFA5121D9DA17C0009614E /* MPLite */,
				D0AFA5111D9DA17C0009614E /* Products */,
			);
			sourceTree = "<group>";
		};
		D0AFA5111D9DA17C0009614E /* Products */ = {
			isa = PBXGroup;
			children = (
				D0AFA5101D9DA17C0009614E /* MPLite.app */,
			);
			name = Products;
			sourceTree = "<group>";
		};
		D0AFA5121D9DA17C0009614E /* MPLite */ = {
			isa = PBXGroup;
			children = (
				D0AFA5131D9DA17C0009614E /* AppDelegate.swift */,
				D0AFA5251D9DA1D10009614E /* SearchMusicViewController.swift */,
				D0AFA5261D9DA1D10009614E /* PlayerPopUpViewController.swift */,
				D0AFA53A1D9DA55B0009614E /* SearchResult.swift */,
				D0AFA53C1D9DA5A30009614E /* TrackCell.swift */,
				D0AFA53E1D9DA5BF0009614E /* DownloadImageExtension.swift */,
				D0AFA5171D9DA17C0009614E /* Main.storyboard */,
				D0AFA51A1D9DA17C0009614E /* Assets.xcassets */,
				D0AFA51C1D9DA17D0009614E /* LaunchScreen.storyboard */,
				D0AFA5361D9DA3910009614E /* NothingFoundCell.xib */,
				D0AFA5371D9DA3910009614E /* LoadingCell.xib */,
				D0AFA51F1D9DA17D0009614E /* Info.plist */,
				D0AFA5351D9DA31C0009614E /* SupportingFiles */,
			);
			path = MPLite;
			sourceTree = "<group>";
		};
		D0AFA5351D9DA31C0009614E /* SupportingFiles */ = {
			isa = PBXGroup;
			children = (
				D0AFA52A1D9DA3160009614E /* playPAUSE.png */,
				D0AFA52D1D9DA3160009614E /* CloseButton@2x.png */,
				D0AFA52C1D9DA3160009614E /* CloseButton.png */,
				D078C81C1DA023890017F381 /* placeholder.png */,
				D0AFA52E1D9DA3160009614E /* CloseButton@3x.png */,
				D078C81E1DA0259F0017F381 /* nothingFound.jpeg */,
			);
			name = SupportingFiles;
			sourceTree = "<group>";
		};
/* End PBXGroup section */

/* Begin PBXNativeTarget section */
		D0AFA50F1D9DA17C0009614E /* MPLite */ = {
			isa = PBXNativeTarget;
			buildConfigurationList = D0AFA5221D9DA17D0009614E /* Build configuration list for PBXNativeTarget "MPLite" */;
			buildPhases = (
				D0AFA50C1D9DA17C0009614E /* Sources */,
				D0AFA50D1D9DA17C0009614E /* Frameworks */,
				D0AFA50E1D9DA17C0009614E /* Resources */,
			);
			buildRules = (
			);
			dependencies = (
			);
			name = MPLite;
			productName = MPLite;
			productReference = D0AFA5101D9DA17C0009614E /* MPLite.app */;
			productType = "com.apple.product-type.application";
		};
/* End PBXNativeTarget section */

/* Begin PBXProject section */
		D0AFA5081D9DA17B0009614E /* Project object */ = {
			isa = PBXProject;
			attributes = {
				LastSwiftUpdateCheck = 0800;
				LastUpgradeCheck = 0800;
				ORGANIZATIONNAME = "Ivashin Dmitry";
				TargetAttributes = {
					D0AFA50F1D9DA17C0009614E = {
						CreatedOnToolsVersion = 8.0;
						DevelopmentTeam = WF866KSYF8;
						ProvisioningStyle = Automatic;
					};
				};
			};
			buildConfigurationList = D0AFA50B1D9DA17B0009614E /* Build configuration list for PBXProject "MPLite" */;
			compatibilityVersion = "Xcode 3.2";
			developmentRegion = English;
			hasScannedForEncodings = 0;
			knownRegions = (
				en,
				Base,
			);
			mainGroup = D0AFA5071D9DA17B0009614E;
			productRefGroup = D0AFA5111D9DA17C0009614E /* Products */;
			projectDirPath = "";
			projectRoot = "";
			targets = (
				D0AFA50F1D9DA17C0009614E /* MPLite */,
			);
		};
/* End PBXProject section */

/* Begin PBXResourcesBuildPhase section */
		D0AFA50E1D9DA17C0009614E /* Resources */ = {
			isa = PBXResourcesBuildPhase;
			buildActionMask = 2147483647;
			files = (
				D0AFA5331D9DA3160009614E /* CloseButton@2x.png in Resources */,
				D0AFA51E1D9DA17D0009614E /* LaunchScreen.storyboard in Resources */,
				D0AFA5341D9DA3160009614E /* CloseButton@3x.png in Resources */,
				D0AFA5321D9DA3160009614E /* CloseButton.png in Resources */,
				D0AFA5391D9DA3910009614E /* LoadingCell.xib in Resources */,
				D0AFA5301D9DA3160009614E /* playPAUSE.png in Resources */,
				D0AFA51B1D9DA17C0009614E /* Assets.xcassets in Resources */,
				D078C81F1DA0259F0017F381 /* nothingFound.jpeg in Resources */,
				D0AFA5381D9DA3910009614E /* NothingFoundCell.xib in Resources */,
				D078C81D1DA023890017F381 /* placeholder.png in Resources */,
				D0AFA5191D9DA17C0009614E /* Main.storyboard in Resources */,
			);
			runOnlyForDeploymentPostprocessing = 0;
		};
/* End PBXResourcesBuildPhase section */

/* Begin PBXSourcesBuildPhase section */
		D0AFA50C1D9DA17C0009614E /* Sources */ = {
			isa = PBXSourcesBuildPhase;
			buildActionMask = 2147483647;
			files = (
				D0AFA53D1D9DA5A30009614E /* TrackCell.swift in Sources */,
				D0AFA5271D9DA1D10009614E /* SearchMusicViewController.swift in Sources */,
				D0AFA5281D9DA1D10009614E /* PlayerPopUpViewController.swift in Sources */,
				D0AFA53F1D9DA5BF0009614E /* DownloadImageExtension.swift in Sources */,
				D0AFA53B1D9DA55B0009614E /* SearchResult.swift in Sources */,
				D0AFA5141D9DA17C0009614E /* AppDelegate.swift in Sources */,
			);
			runOnlyForDeploymentPostprocessing = 0;
		};
/* End PBXSourcesBuildPhase section */

/* Begin PBXVariantGroup section */
		D0AFA5171D9DA17C0009614E /* Main.storyboard */ = {
			isa = PBXVariantGroup;
			children = (
				D0AFA5181D9DA17C0009614E /* Base */,
			);
			name = Main.storyboard;
			sourceTree = "<group>";
		};
		D0AFA51C1D9DA17D0009614E /* LaunchScreen.storyboard */ = {
			isa = PBXVariantGroup;
			children = (
				D0AFA51D1D9DA17D0009614E /* Base */,
			);
			name = LaunchScreen.storyboard;
			sourceTree = "<group>";
		};
/* End PBXVariantGroup section */

/* Begin XCBuildConfiguration section */
		D0AFA5201D9DA17D0009614E /* Debug */ = {
			isa = XCBuildConfiguration;
			buildSettings = {
				ALWAYS_SEARCH_USER_PATHS = NO;
				CLANG_ANALYZER_NONNULL = YES;
				CLANG_CXX_LANGUAGE_STANDARD = "gnu++0x";
				CLANG_CXX_LIBRARY = "libc++";
				CLANG_ENABLE_MODULES = YES;
				CLANG_ENABLE_OBJC_ARC = YES;
				CLANG_WARN_BOOL_CONVERSION = YES;
				CLANG_WARN_CONSTANT_CONVERSION = YES;
				CLANG_WARN_DIRECT_OBJC_ISA_USAGE = YES_ERROR;
				CLANG_WARN_DOCUMENTATION_COMMENTS = YES;
				CLANG_WARN_EMPTY_BODY = YES;
				CLANG_WARN_ENUM_CONVERSION = YES;
				CLANG_WARN_INFINITE_RECURSION = YES;
				CLANG_WARN_INT_CONVERSION = YES;
				CLANG_WARN_OBJC_ROOT_CLASS = YES_ERROR;
				CLANG_WARN_SUSPICIOUS_MOVES = YES;
				CLANG_WARN_UNREACHABLE_CODE = YES;
				CLANG_WARN__DUPLICATE_METHOD_MATCH = YES;
				"CODE_SIGN_IDENTITY[sdk=iphoneos*]" = "iPhone Developer";
				COPY_PHASE_STRIP = NO;
				DEBUG_INFORMATION_FORMAT = dwarf;
				ENABLE_STRICT_OBJC_MSGSEND = YES;
				ENABLE_TESTABILITY = YES;
				GCC_C_LANGUAGE_STANDARD = gnu99;
				GCC_DYNAMIC_NO_PIC = NO;
				GCC_NO_COMMON_BLOCKS = YES;
				GCC_OPTIMIZATION_LEVEL = 0;
				GCC_PREPROCESSOR_DEFINITIONS = (
					"DEBUG=1",
					"$(inherited)",
				);
				GCC_WARN_64_TO_32_BIT_CONVERSION = YES;
				GCC_WARN_ABOUT_RETURN_TYPE = YES_ERROR;
				GCC_WARN_UNDECLARED_SELECTOR = YES;
				GCC_WARN_UNINITIALIZED_AUTOS = YES_AGGRESSIVE;
				GCC_WARN_UNUSED_FUNCTION = YES;
				GCC_WARN_UNUSED_VARIABLE = YES;
				IPHONEOS_DEPLOYMENT_TARGET = 10.0;
				MTL_ENABLE_DEBUG_INFO = YES;
				ONLY_ACTIVE_ARCH = YES;
				SDKROOT = iphoneos;
				SWIFT_ACTIVE_COMPILATION_CONDITIONS = DEBUG;
				SWIFT_OPTIMIZATION_LEVEL = "-Onone";
			};
			name = Debug;
		};
		D0AFA5211D9DA17D0009614E /* Release */ = {
			isa = XCBuildConfiguration;
			buildSettings = {
				ALWAYS_SEARCH_USER_PATHS = NO;
				CLANG_ANALYZER_NONNULL = YES;
				CLANG_CXX_LANGUAGE_STANDARD = "gnu++0x";
				CLANG_CXX_LIBRARY = "libc++";
				CLANG_ENABLE_MODULES = YES;
				CLANG_ENABLE_OBJC_ARC = YES;
				CLANG_WARN_BOOL_CONVERSION = YES;
				CLANG_WARN_CONSTANT_CONVERSION = YES;
				CLANG_WARN_DIRECT_OBJC_ISA_USAGE = YES_ERROR;
				CLANG_WARN_DOCUMENTATION_COMMENTS = YES;
				CLANG_WARN_EMPTY_BODY = YES;
				CLANG_WARN_ENUM_CONVERSION = YES;
				CLANG_WARN_INFINITE_RECURSION = YES;
				CLANG_WARN_INT_CONVERSION = YES;
				CLANG_WARN_OBJC_ROOT_CLASS = YES_ERROR;
				CLANG_WARN_SUSPICIOUS_MOVES = YES;
				CLANG_WARN_UNREACHABLE_CODE = YES;
				CLANG_WARN__DUPLICATE_METHOD_MATCH = YES;
				"CODE_SIGN_IDENTITY[sdk=iphoneos*]" = "iPhone Developer";
				COPY_PHASE_STRIP = NO;
				DEBUG_INFORMATION_FORMAT = "dwarf-with-dsym";
				ENABLE_NS_ASSERTIONS = NO;
				ENABLE_STRICT_OBJC_MSGSEND = YES;
				GCC_C_LANGUAGE_STANDARD = gnu99;
				GCC_NO_COMMON_BLOCKS = YES;
				GCC_WARN_64_TO_32_BIT_CONVERSION = YES;
				GCC_WARN_ABOUT_RETURN_TYPE = YES_ERROR;
				GCC_WARN_UNDECLARED_SELECTOR = YES;
				GCC_WARN_UNINITIALIZED_AUTOS = YES_AGGRESSIVE;
				GCC_WARN_UNUSED_FUNCTION = YES;
				GCC_WARN_UNUSED_VARIABLE = YES;
				IPHONEOS_DEPLOYMENT_TARGET = 10.0;
				MTL_ENABLE_DEBUG_INFO = NO;
				SDKROOT = iphoneos;
				SWIFT_OPTIMIZATION_LEVEL = "-Owholemodule";
				VALIDATE_PRODUCT = YES;
			};
			name = Release;
		};
		D0AFA5231D9DA17D0009614E /* Debug */ = {
			isa = XCBuildConfiguration;
			buildSettings = {
				ASSETCATALOG_COMPILER_APPICON_NAME = AppIcon;
				DEVELOPMENT_TEAM = WF866KSYF8;
				INFOPLIST_FILE = MPLite/Info.plist;
				LD_RUNPATH_SEARCH_PATHS = "$(inherited) @executable_path/Frameworks";
				PRODUCT_BUNDLE_IDENTIFIER = MyCompany.MPLite;
				PRODUCT_NAME = "$(TARGET_NAME)";
				SWIFT_VERSION = 3.0;
			};
			name = Debug;
		};
		D0AFA5241D9DA17D0009614E /* Release */ = {
			isa = XCBuildConfiguration;
			buildSettings = {
				ASSETCATALOG_COMPILER_APPICON_NAME = AppIcon;
				DEVELOPMENT_TEAM = WF866KSYF8;
				INFOPLIST_FILE = MPLite/Info.plist;
				LD_RUNPATH_SEARCH_PATHS = "$(inherited) @executable_path/Frameworks";
				PRODUCT_BUNDLE_IDENTIFIER = MyCompany.MPLite;
				PRODUCT_NAME = "$(TARGET_NAME)";
				SWIFT_VERSION = 3.0;
			};
			name = Release;
		};
/* End XCBuildConfiguration section */

/* Begin XCConfigurationList section */
		D0AFA50B1D9DA17B0009614E /* Build configuration list for PBXProject "MPLite" */ = {
			isa = XCConfigurationList;
			buildConfigurations = (
				D0AFA5201D9DA17D0009614E /* Debug */,
				D0AFA5211D9DA17D0009614E /* Release */,
			);
			defaultConfigurationIsVisible = 0;
			defaultConfigurationName = Release;
		};
		D0AFA5221D9DA17D0009614E /* Build configuration list for PBXNativeTarget "MPLite" */ = {
			isa = XCConfigurationList;
			buildConfigurations = (
				D0AFA5231D9DA17D0009614E /* Debug */,
				D0AFA5241D9DA17D0009614E /* Release */,
			);
			defaultConfigurationIsVisible = 0;
			defaultConfigurationName = Release;
		};
/* End XCConfigurationList section */
	};
	rootObject = D0AFA5081D9DA17B0009614E /* Project object */;
}
